// !$*UTF8*$!
{
	archiveVersion = 1;
	classes = {
	};
	objectVersion = 51;
	objects = {

/* Begin PBXBuildFile section */
		394A5B1F790AA3E9A2470667 /* Pods_AusonDemo.framework in Frameworks */ = {isa = PBXBuildFile; fileRef = E3CC848A1013403986BB14E2 /* Pods_AusonDemo.framework */; };
		D7A39C58261FBA1B00DF6653 /* AppDelegate.swift in Sources */ = {isa = PBXBuildFile; fileRef = D7A39C57261FBA1B00DF6653 /* AppDelegate.swift */; };
		D7A39C5A261FBA1B00DF6653 /* SceneDelegate.swift in Sources */ = {isa = PBXBuildFile; fileRef = D7A39C59261FBA1B00DF6653 /* SceneDelegate.swift */; };
		D7A39C5C261FBA1B00DF6653 /* ViewController.swift in Sources */ = {isa = PBXBuildFile; fileRef = D7A39C5B261FBA1B00DF6653 /* ViewController.swift */; };
		D7A39C5F261FBA1B00DF6653 /* Main.storyboard in Resources */ = {isa = PBXBuildFile; fileRef = D7A39C5D261FBA1B00DF6653 /* Main.storyboard */; };
		D7A39C61261FBA1C00DF6653 /* Assets.xcassets in Resources */ = {isa = PBXBuildFile; fileRef = D7A39C60261FBA1C00DF6653 /* Assets.xcassets */; };
		D7A39C64261FBA1C00DF6653 /* LaunchScreen.storyboard in Resources */ = {isa = PBXBuildFile; fileRef = D7A39C62261FBA1C00DF6653 /* LaunchScreen.storyboard */; };
		D7A39C6F261FBA1D00DF6653 /* AusonDemoTests.swift in Sources */ = {isa = PBXBuildFile; fileRef = D7A39C6E261FBA1D00DF6653 /* AusonDemoTests.swift */; };
		D7A39C7A261FBA1D00DF6653 /* AusonDemoUITests.swift in Sources */ = {isa = PBXBuildFile; fileRef = D7A39C79261FBA1D00DF6653 /* AusonDemoUITests.swift */; };
		D7A39C8B261FBA4100DF6653 /* ZendeskMessaging.swift in Sources */ = {isa = PBXBuildFile; fileRef = D7A39C8A261FBA4100DF6653 /* ZendeskMessaging.swift */; };
/* End PBXBuildFile section */

/* Begin PBXContainerItemProxy section */
		D7A39C6B261FBA1D00DF6653 /* PBXContainerItemProxy */ = {
			isa = PBXContainerItemProxy;
			containerPortal = D7A39C4C261FBA1B00DF6653 /* Project object */;
			proxyType = 1;
			remoteGlobalIDString = D7A39C53261FBA1B00DF6653;
			remoteInfo = AusonDemo;
		};
		D7A39C76261FBA1D00DF6653 /* PBXContainerItemProxy */ = {
			isa = PBXContainerItemProxy;
			containerPortal = D7A39C4C261FBA1B00DF6653 /* Project object */;
			proxyType = 1;
			remoteGlobalIDString = D7A39C53261FBA1B00DF6653;
			remoteInfo = AusonDemo;
		};
/* End PBXContainerItemProxy section */

/* Begin PBXFileReference section */
		8421AC419EA79A1C2D20653F /* Pods-AusonDemo.release.xcconfig */ = {isa = PBXFileReference; includeInIndex = 1; lastKnownFileType = text.xcconfig; name = "Pods-AusonDemo.release.xcconfig"; path = "Target Support Files/Pods-AusonDemo/Pods-AusonDemo.release.xcconfig"; sourceTree = "<group>"; };
		98CED4BD8EBE508738694BEC /* Pods-AusonDemo.debug.xcconfig */ = {isa = PBXFileReference; includeInIndex = 1; lastKnownFileType = text.xcconfig; name = "Pods-AusonDemo.debug.xcconfig"; path = "Target Support Files/Pods-AusonDemo/Pods-AusonDemo.debug.xcconfig"; sourceTree = "<group>"; };
		D7A39C54261FBA1B00DF6653 /* AusonDemo.app */ = {isa = PBXFileReference; explicitFileType = wrapper.application; includeInIndex = 0; path = AusonDemo.app; sourceTree = BUILT_PRODUCTS_DIR; };
		D7A39C57261FBA1B00DF6653 /* AppDelegate.swift */ = {isa = PBXFileReference; lastKnownFileType = sourcecode.swift; path = AppDelegate.swift; sourceTree = "<group>"; };
		D7A39C59261FBA1B00DF6653 /* SceneDelegate.swift */ = {isa = PBXFileReference; lastKnownFileType = sourcecode.swift; path = SceneDelegate.swift; sourceTree = "<group>"; };
		D7A39C5B261FBA1B00DF6653 /* ViewController.swift */ = {isa = PBXFileReference; lastKnownFileType = sourcecode.swift; path = ViewController.swift; sourceTree = "<group>"; };
		D7A39C5E261FBA1B00DF6653 /* Base */ = {isa = PBXFileReference; lastKnownFileType = file.storyboard; name = Base; path = Base.lproj/Main.storyboard; sourceTree = "<group>"; };
		D7A39C60261FBA1C00DF6653 /* Assets.xcassets */ = {isa = PBXFileReference; lastKnownFileType = folder.assetcatalog; path = Assets.xcassets; sourceTree = "<group>"; };
		D7A39C63261FBA1C00DF6653 /* Base */ = {isa = PBXFileReference; lastKnownFileType = file.storyboard; name = Base; path = Base.lproj/LaunchScreen.storyboard; sourceTree = "<group>"; };
		D7A39C65261FBA1C00DF6653 /* Info.plist */ = {isa = PBXFileReference; lastKnownFileType = text.plist.xml; path = Info.plist; sourceTree = "<group>"; };
		D7A39C6A261FBA1D00DF6653 /* AusonDemoTests.xctest */ = {isa = PBXFileReference; explicitFileType = wrapper.cfbundle; includeInIndex = 0; path = AusonDemoTests.xctest; sourceTree = BUILT_PRODUCTS_DIR; };
		D7A39C6E261FBA1D00DF6653 /* AusonDemoTests.swift */ = {isa = PBXFileReference; lastKnownFileType = sourcecode.swift; path = AusonDemoTests.swift; sourceTree = "<group>"; };
		D7A39C70261FBA1D00DF6653 /* Info.plist */ = {isa = PBXFileReference; lastKnownFileType = text.plist.xml; path = Info.plist; sourceTree = "<group>"; };
		D7A39C75261FBA1D00DF6653 /* AusonDemoUITests.xctest */ = {isa = PBXFileReference; explicitFileType = wrapper.cfbundle; includeInIndex = 0; path = AusonDemoUITests.xctest; sourceTree = BUILT_PRODUCTS_DIR; };
		D7A39C79261FBA1D00DF6653 /* AusonDemoUITests.swift */ = {isa = PBXFileReference; lastKnownFileType = sourcecode.swift; path = AusonDemoUITests.swift; sourceTree = "<group>"; };
		D7A39C7B261FBA1D00DF6653 /* Info.plist */ = {isa = PBXFileReference; lastKnownFileType = text.plist.xml; path = Info.plist; sourceTree = "<group>"; };
		D7A39C8A261FBA4100DF6653 /* ZendeskMessaging.swift */ = {isa = PBXFileReference; fileEncoding = 4; lastKnownFileType = sourcecode.swift; path = ZendeskMessaging.swift; sourceTree = "<group>"; };
		E3CC848A1013403986BB14E2 /* Pods_AusonDemo.framework */ = {isa = PBXFileReference; explicitFileType = wrapper.framework; includeInIndex = 0; path = Pods_AusonDemo.framework; sourceTree = BUILT_PRODUCTS_DIR; };
/* End PBXFileReference section */

/* Begin PBXFrameworksBuildPhase section */
		D7A39C51261FBA1B00DF6653 /* Frameworks */ = {
			isa = PBXFrameworksBuildPhase;
			buildActionMask = 2147483647;
			files = (
				394A5B1F790AA3E9A2470667 /* Pods_AusonDemo.framework in Frameworks */,
			);
			runOnlyForDeploymentPostprocessing = 0;
		};
		D7A39C67261FBA1D00DF6653 /* Frameworks */ = {
			isa = PBXFrameworksBuildPhase;
			buildActionMask = 2147483647;
			files = (
			);
			runOnlyForDeploymentPostprocessing = 0;
		};
		D7A39C72261FBA1D00DF6653 /* Frameworks */ = {
			isa = PBXFrameworksBuildPhase;
			buildActionMask = 2147483647;
			files = (
			);
			runOnlyForDeploymentPostprocessing = 0;
		};
/* End PBXFrameworksBuildPhase section */

/* Begin PBXGroup section */
		19C6FF909A9C25C85D16EBD2 /* Pods */ = {
			isa = PBXGroup;
			children = (
				98CED4BD8EBE508738694BEC /* Pods-AusonDemo.debug.xcconfig */,
				8421AC419EA79A1C2D20653F /* Pods-AusonDemo.release.xcconfig */,
			);
			path = Pods;
			sourceTree = "<group>";
		};
		886855B08AF1A4CA1DE57FD5 /* Frameworks */ = {
			isa = PBXGroup;
			children = (
				E3CC848A1013403986BB14E2 /* Pods_AusonDemo.framework */,
			);
			name = Frameworks;
			sourceTree = "<group>";
		};
		D7A39C4B261FBA1B00DF6653 = {
			isa = PBXGroup;
			children = (
				D7A39C56261FBA1B00DF6653 /* AusonDemo */,
				D7A39C6D261FBA1D00DF6653 /* AusonDemoTests */,
				D7A39C78261FBA1D00DF6653 /* AusonDemoUITests */,
				D7A39C55261FBA1B00DF6653 /* Products */,
				19C6FF909A9C25C85D16EBD2 /* Pods */,
				886855B08AF1A4CA1DE57FD5 /* Frameworks */,
			);
			sourceTree = "<group>";
		};
		D7A39C55261FBA1B00DF6653 /* Products */ = {
			isa = PBXGroup;
			children = (
				D7A39C54261FBA1B00DF6653 /* AusonDemo.app */,
				D7A39C6A261FBA1D00DF6653 /* AusonDemoTests.xctest */,
				D7A39C75261FBA1D00DF6653 /* AusonDemoUITests.xctest */,
			);
			name = Products;
			sourceTree = "<group>";
		};
		D7A39C56261FBA1B00DF6653 /* AusonDemo */ = {
			isa = PBXGroup;
			children = (
				D7A39C57261FBA1B00DF6653 /* AppDelegate.swift */,
				D7A39C59261FBA1B00DF6653 /* SceneDelegate.swift */,
				D7A39C5B261FBA1B00DF6653 /* ViewController.swift */,
				D7A39C8A261FBA4100DF6653 /* ZendeskMessaging.swift */,
				D7A39C5D261FBA1B00DF6653 /* Main.storyboard */,
				D7A39C60261FBA1C00DF6653 /* Assets.xcassets */,
				D7A39C62261FBA1C00DF6653 /* LaunchScreen.storyboard */,
				D7A39C65261FBA1C00DF6653 /* Info.plist */,
			);
			path = AusonDemo;
			sourceTree = "<group>";
		};
		D7A39C6D261FBA1D00DF6653 /* AusonDemoTests */ = {
			isa = PBXGroup;
			children = (
				D7A39C6E261FBA1D00DF6653 /* AusonDemoTests.swift */,
				D7A39C70261FBA1D00DF6653 /* Info.plist */,
			);
			path = AusonDemoTests;
			sourceTree = "<group>";
		};
		D7A39C78261FBA1D00DF6653 /* AusonDemoUITests */ = {
			isa = PBXGroup;
			children = (
				D7A39C79261FBA1D00DF6653 /* AusonDemoUITests.swift */,
				D7A39C7B261FBA1D00DF6653 /* Info.plist */,
			);
			path = AusonDemoUITests;
			sourceTree = "<group>";
		};
/* End PBXGroup section */

/* Begin PBXNativeTarget section */
		D7A39C53261FBA1B00DF6653 /* AusonDemo */ = {
			isa = PBXNativeTarget;
			buildConfigurationList = D7A39C7E261FBA1D00DF6653 /* Build configuration list for PBXNativeTarget "AusonDemo" */;
			buildPhases = (
				44C2EF8E8FF4053E271050A6 /* [CP] Check Pods Manifest.lock */,
				D7A39C50261FBA1B00DF6653 /* Sources */,
				D7A39C51261FBA1B00DF6653 /* Frameworks */,
				D7A39C52261FBA1B00DF6653 /* Resources */,
				4A4C016B0D253959602E15D0 /* [CP] Embed Pods Frameworks */,
			);
			buildRules = (
			);
			dependencies = (
			);
			name = AusonDemo;
			productName = AusonDemo;
			productReference = D7A39C54261FBA1B00DF6653 /* AusonDemo.app */;
			productType = "com.apple.product-type.application";
		};
		D7A39C69261FBA1D00DF6653 /* AusonDemoTests */ = {
			isa = PBXNativeTarget;
			buildConfigurationList = D7A39C81261FBA1D00DF6653 /* Build configuration list for PBXNativeTarget "AusonDemoTests" */;
			buildPhases = (
				D7A39C66261FBA1D00DF6653 /* Sources */,
				D7A39C67261FBA1D00DF6653 /* Frameworks */,
				D7A39C68261FBA1D00DF6653 /* Resources */,
			);
			buildRules = (
			);
			dependencies = (
				D7A39C6C261FBA1D00DF6653 /* PBXTargetDependency */,
			);
			name = AusonDemoTests;
			productName = AusonDemoTests;
			productReference = D7A39C6A261FBA1D00DF6653 /* AusonDemoTests.xctest */;
			productType = "com.apple.product-type.bundle.unit-test";
		};
		D7A39C74261FBA1D00DF6653 /* AusonDemoUITests */ = {
			isa = PBXNativeTarget;
			buildConfigurationList = D7A39C84261FBA1D00DF6653 /* Build configuration list for PBXNativeTarget "AusonDemoUITests" */;
			buildPhases = (
				D7A39C71261FBA1D00DF6653 /* Sources */,
				D7A39C72261FBA1D00DF6653 /* Frameworks */,
				D7A39C73261FBA1D00DF6653 /* Resources */,
			);
			buildRules = (
			);
			dependencies = (
				D7A39C77261FBA1D00DF6653 /* PBXTargetDependency */,
			);
			name = AusonDemoUITests;
			productName = AusonDemoUITests;
			productReference = D7A39C75261FBA1D00DF6653 /* AusonDemoUITests.xctest */;
			productType = "com.apple.product-type.bundle.ui-testing";
		};
/* End PBXNativeTarget section */

/* Begin PBXProject section */
		D7A39C4C261FBA1B00DF6653 /* Project object */ = {
			isa = PBXProject;
			attributes = {
				LastSwiftUpdateCheck = 1240;
				LastUpgradeCheck = 1240;
				TargetAttributes = {
					D7A39C53261FBA1B00DF6653 = {
						CreatedOnToolsVersion = 12.4;
					};
					D7A39C69261FBA1D00DF6653 = {
						CreatedOnToolsVersion = 12.4;
						TestTargetID = D7A39C53261FBA1B00DF6653;
					};
					D7A39C74261FBA1D00DF6653 = {
						CreatedOnToolsVersion = 12.4;
						TestTargetID = D7A39C53261FBA1B00DF6653;
					};
				};
			};
			buildConfigurationList = D7A39C4F261FBA1B00DF6653 /* Build configuration list for PBXProject "AusonDemo" */;
			compatibilityVersion = "Xcode 9.3";
			developmentRegion = en;
			hasScannedForEncodings = 0;
			knownRegions = (
				en,
				Base,
			);
			mainGroup = D7A39C4B261FBA1B00DF6653;
			productRefGroup = D7A39C55261FBA1B00DF6653 /* Products */;
			projectDirPath = "";
			projectRoot = "";
			targets = (
				D7A39C53261FBA1B00DF6653 /* AusonDemo */,
				D7A39C69261FBA1D00DF6653 /* AusonDemoTests */,
				D7A39C74261FBA1D00DF6653 /* AusonDemoUITests */,
			);
		};
/* End PBXProject section */

/* Begin PBXResourcesBuildPhase section */
		D7A39C52261FBA1B00DF6653 /* Resources */ = {
			isa = PBXResourcesBuildPhase;
			buildActionMask = 2147483647;
			files = (
				D7A39C64261FBA1C00DF6653 /* LaunchScreen.storyboard in Resources */,
				D7A39C61261FBA1C00DF6653 /* Assets.xcassets in Resources */,
				D7A39C5F261FBA1B00DF6653 /* Main.storyboard in Resources */,
			);
			runOnlyForDeploymentPostprocessing = 0;
		};
		D7A39C68261FBA1D00DF6653 /* Resources */ = {
			isa = PBXResourcesBuildPhase;
			buildActionMask = 2147483647;
			files = (
			);
			runOnlyForDeploymentPostprocessing = 0;
		};
		D7A39C73261FBA1D00DF6653 /* Resources */ = {
			isa = PBXResourcesBuildPhase;
			buildActionMask = 2147483647;
			files = (
			);
			runOnlyForDeploymentPostprocessing = 0;
		};
/* End PBXResourcesBuildPhase section */

/* Begin PBXShellScriptBuildPhase section */
		44C2EF8E8FF4053E271050A6 /* [CP] Check Pods Manifest.lock */ = {
			isa = PBXShellScriptBuildPhase;
			buildActionMask = 2147483647;
			files = (
			);
			inputFileListPaths = (
			);
			inputPaths = (
				"${PODS_PODFILE_DIR_PATH}/Podfile.lock",
				"${PODS_ROOT}/Manifest.lock",
			);
			name = "[CP] Check Pods Manifest.lock";
			outputFileListPaths = (
			);
			outputPaths = (
				"$(DERIVED_FILE_DIR)/Pods-AusonDemo-checkManifestLockResult.txt",
			);
			runOnlyForDeploymentPostprocessing = 0;
			shellPath = /bin/sh;
			shellScript = "diff \"${PODS_PODFILE_DIR_PATH}/Podfile.lock\" \"${PODS_ROOT}/Manifest.lock\" > /dev/null\nif [ $? != 0 ] ; then\n    # print error to STDERR\n    echo \"error: The sandbox is not in sync with the Podfile.lock. Run 'pod install' or update your CocoaPods installation.\" >&2\n    exit 1\nfi\n# This output is used by Xcode 'outputs' to avoid re-running this script phase.\necho \"SUCCESS\" > \"${SCRIPT_OUTPUT_FILE_0}\"\n";
			showEnvVarsInLog = 0;
		};
		4A4C016B0D253959602E15D0 /* [CP] Embed Pods Frameworks */ = {
			isa = PBXShellScriptBuildPhase;
			buildActionMask = 2147483647;
			files = (
			);
			inputFileListPaths = (
				"${PODS_ROOT}/Target Support Files/Pods-AusonDemo/Pods-AusonDemo-frameworks-${CONFIGURATION}-input-files.xcfilelist",
			);
			name = "[CP] Embed Pods Frameworks";
			outputFileListPaths = (
				"${PODS_ROOT}/Target Support Files/Pods-AusonDemo/Pods-AusonDemo-frameworks-${CONFIGURATION}-output-files.xcfilelist",
			);
			runOnlyForDeploymentPostprocessing = 0;
			shellPath = /bin/sh;
			shellScript = "\"${PODS_ROOT}/Target Support Files/Pods-AusonDemo/Pods-AusonDemo-frameworks.sh\"\n";
			showEnvVarsInLog = 0;
		};
/* End PBXShellScriptBuildPhase section */

/* Begin PBXSourcesBuildPhase section */
		D7A39C50261FBA1B00DF6653 /* Sources */ = {
			isa = PBXSourcesBuildPhase;
			buildActionMask = 2147483647;
			files = (
				D7A39C5C261FBA1B00DF6653 /* ViewController.swift in Sources */,
				D7A39C58261FBA1B00DF6653 /* AppDelegate.swift in Sources */,
				D7A39C5A261FBA1B00DF6653 /* SceneDelegate.swift in Sources */,
				D7A39C8B261FBA4100DF6653 /* ZendeskMessaging.swift in Sources */,
			);
			runOnlyForDeploymentPostprocessing = 0;
		};
		D7A39C66261FBA1D00DF6653 /* Sources */ = {
			isa = PBXSourcesBuildPhase;
			buildActionMask = 2147483647;
			files = (
				D7A39C6F261FBA1D00DF6653 /* AusonDemoTests.swift in Sources */,
			);
			runOnlyForDeploymentPostprocessing = 0;
		};
		D7A39C71261FBA1D00DF6653 /* Sources */ = {
			isa = PBXSourcesBuildPhase;
			buildActionMask = 2147483647;
			files = (
				D7A39C7A261FBA1D00DF6653 /* AusonDemoUITests.swift in Sources */,
			);
			runOnlyForDeploymentPostprocessing = 0;
		};
/* End PBXSourcesBuildPhase section */

/* Begin PBXTargetDependency section */
		D7A39C6C261FBA1D00DF6653 /* PBXTargetDependency */ = {
			isa = PBXTargetDependency;
			target = D7A39C53261FBA1B00DF6653 /* AusonDemo */;
			targetProxy = D7A39C6B261FBA1D00DF6653 /* PBXContainerItemProxy */;
		};
		D7A39C77261FBA1D00DF6653 /* PBXTargetDependency */ = {
			isa = PBXTargetDependency;
			target = D7A39C53261FBA1B00DF6653 /* AusonDemo */;
			targetProxy = D7A39C76261FBA1D00DF6653 /* PBXContainerItemProxy */;
		};
/* End PBXTargetDependency section */

/* Begin PBXVariantGroup section */
		D7A39C5D261FBA1B00DF6653 /* Main.storyboard */ = {
			isa = PBXVariantGroup;
			children = (
				D7A39C5E261FBA1B00DF6653 /* Base */,
			);
			name = Main.storyboard;
			sourceTree = "<group>";
		};
		D7A39C62261FBA1C00DF6653 /* LaunchScreen.storyboard */ = {
			isa = PBXVariantGroup;
			children = (
				D7A39C63261FBA1C00DF6653 /* Base */,
			);
			name = LaunchScreen.storyboard;
			sourceTree = "<group>";
		};
/* End PBXVariantGroup section */

/* Begin XCBuildConfiguration section */
		D7A39C7C261FBA1D00DF6653 /* Debug */ = {
			isa = XCBuildConfiguration;
			buildSettings = {
				ALWAYS_SEARCH_USER_PATHS = NO;
				CLANG_ANALYZER_NONNULL = YES;
				CLANG_ANALYZER_NUMBER_OBJECT_CONVERSION = YES_AGGRESSIVE;
				CLANG_CXX_LANGUAGE_STANDARD = "gnu++14";
				CLANG_CXX_LIBRARY = "libc++";
				CLANG_ENABLE_MODULES = YES;
				CLANG_ENABLE_OBJC_ARC = YES;
				CLANG_ENABLE_OBJC_WEAK = YES;
				CLANG_WARN_BLOCK_CAPTURE_AUTORELEASING = YES;
				CLANG_WARN_BOOL_CONVERSION = YES;
				CLANG_WARN_COMMA = YES;
				CLANG_WARN_CONSTANT_CONVERSION = YES;
				CLANG_WARN_DEPRECATED_OBJC_IMPLEMENTATIONS = YES;
				CLANG_WARN_DIRECT_OBJC_ISA_USAGE = YES_ERROR;
				CLANG_WARN_DOCUMENTATION_COMMENTS = YES;
				CLANG_WARN_EMPTY_BODY = YES;
				CLANG_WARN_ENUM_CONVERSION = YES;
				CLANG_WARN_INFINITE_RECURSION = YES;
				CLANG_WARN_INT_CONVERSION = YES;
				CLANG_WARN_NON_LITERAL_NULL_CONVERSION = YES;
				CLANG_WARN_OBJC_IMPLICIT_RETAIN_SELF = YES;
				CLANG_WARN_OBJC_LITERAL_CONVERSION = YES;
				CLANG_WARN_OBJC_ROOT_CLASS = YES_ERROR;
				CLANG_WARN_QUOTED_INCLUDE_IN_FRAMEWORK_HEADER = YES;
				CLANG_WARN_RANGE_LOOP_ANALYSIS = YES;
				CLANG_WARN_STRICT_PROTOTYPES = YES;
				CLANG_WARN_SUSPICIOUS_MOVE = YES;
				CLANG_WARN_UNGUARDED_AVAILABILITY = YES_AGGRESSIVE;
				CLANG_WARN_UNREACHABLE_CODE = YES;
				CLANG_WARN__DUPLICATE_METHOD_MATCH = YES;
				COPY_PHASE_STRIP = NO;
				DEBUG_INFORMATION_FORMAT = dwarf;
				ENABLE_STRICT_OBJC_MSGSEND = YES;
				ENABLE_TESTABILITY = YES;
				GCC_C_LANGUAGE_STANDARD = gnu11;
				GCC_DYNAMIC_NO_PIC = NO;
				GCC_NO_COMMON_BLOCKS = YES;
				GCC_OPTIMIZATION_LEVEL = 0;
				GCC_PREPROCESSOR_DEFINITIONS = (
					"DEBUG=1",
					"$(inherited)",
				);
				GCC_WARN_64_TO_32_BIT_CONVERSION = YES;
				GCC_WARN_ABOUT_RETURN_TYPE = YES_ERROR;
				GCC_WARN_UNDECLARED_SELECTOR = YES;
				GCC_WARN_UNINITIALIZED_AUTOS = YES_AGGRESSIVE;
				GCC_WARN_UNUSED_FUNCTION = YES;
				GCC_WARN_UNUSED_VARIABLE = YES;
				IPHONEOS_DEPLOYMENT_TARGET = 14.4;
				MTL_ENABLE_DEBUG_INFO = INCLUDE_SOURCE;
				MTL_FAST_MATH = YES;
				ONLY_ACTIVE_ARCH = YES;
				SDKROOT = iphoneos;
				SWIFT_ACTIVE_COMPILATION_CONDITIONS = DEBUG;
				SWIFT_OPTIMIZATION_LEVEL = "-Onone";
			};
			name = Debug;
		};
		D7A39C7D261FBA1D00DF6653 /* Release */ = {
			isa = XCBuildConfiguration;
			buildSettings = {
				ALWAYS_SEARCH_USER_PATHS = NO;
				CLANG_ANALYZER_NONNULL = YES;
				CLANG_ANALYZER_NUMBER_OBJECT_CONVERSION = YES_AGGRESSIVE;
				CLANG_CXX_LANGUAGE_STANDARD = "gnu++14";
				CLANG_CXX_LIBRARY = "libc++";
				CLANG_ENABLE_MODULES = YES;
				CLANG_ENABLE_OBJC_ARC = YES;
				CLANG_ENABLE_OBJC_WEAK = YES;
				CLANG_WARN_BLOCK_CAPTURE_AUTORELEASING = YES;
				CLANG_WARN_BOOL_CONVERSION = YES;
				CLANG_WARN_COMMA = YES;
				CLANG_WARN_CONSTANT_CONVERSION = YES;
				CLANG_WARN_DEPRECATED_OBJC_IMPLEMENTATIONS = YES;
				CLANG_WARN_DIRECT_OBJC_ISA_USAGE = YES_ERROR;
				CLANG_WARN_DOCUMENTATION_COMMENTS = YES;
				CLANG_WARN_EMPTY_BODY = YES;
				CLANG_WARN_ENUM_CONVERSION = YES;
				CLANG_WARN_INFINITE_RECURSION = YES;
				CLANG_WARN_INT_CONVERSION = YES;
				CLANG_WARN_NON_LITERAL_NULL_CONVERSION = YES;
				CLANG_WARN_OBJC_IMPLICIT_RETAIN_SELF = YES;
				CLANG_WARN_OBJC_LITERAL_CONVERSION = YES;
				CLANG_WARN_OBJC_ROOT_CLASS = YES_ERROR;
				CLANG_WARN_QUOTED_INCLUDE_IN_FRAMEWORK_HEADER = YES;
				CLANG_WARN_RANGE_LOOP_ANALYSIS = YES;
				CLANG_WARN_STRICT_PROTOTYPES = YES;
				CLANG_WARN_SUSPICIOUS_MOVE = YES;
				CLANG_WARN_UNGUARDED_AVAILABILITY = YES_AGGRESSIVE;
				CLANG_WARN_UNREACHABLE_CODE = YES;
				CLANG_WARN__DUPLICATE_METHOD_MATCH = YES;
				COPY_PHASE_STRIP = NO;
				DEBUG_INFORMATION_FORMAT = "dwarf-with-dsym";
				ENABLE_NS_ASSERTIONS = NO;
				ENABLE_STRICT_OBJC_MSGSEND = YES;
				GCC_C_LANGUAGE_STANDARD = gnu11;
				GCC_NO_COMMON_BLOCKS = YES;
				GCC_WARN_64_TO_32_BIT_CONVERSION = YES;
				GCC_WARN_ABOUT_RETURN_TYPE = YES_ERROR;
				GCC_WARN_UNDECLARED_SELECTOR = YES;
				GCC_WARN_UNINITIALIZED_AUTOS = YES_AGGRESSIVE;
				GCC_WARN_UNUSED_FUNCTION = YES;
				GCC_WARN_UNUSED_VARIABLE = YES;
				IPHONEOS_DEPLOYMENT_TARGET = 14.4;
				MTL_ENABLE_DEBUG_INFO = NO;
				MTL_FAST_MATH = YES;
				SDKROOT = iphoneos;
				SWIFT_COMPILATION_MODE = wholemodule;
				SWIFT_OPTIMIZATION_LEVEL = "-O";
				VALIDATE_PRODUCT = YES;
			};
			name = Release;
		};
		D7A39C7F261FBA1D00DF6653 /* Debug */ = {
			isa = XCBuildConfiguration;
			baseConfigurationReference = 98CED4BD8EBE508738694BEC /* Pods-AusonDemo.debug.xcconfig */;
			buildSettings = {
				ASSETCATALOG_COMPILER_APPICON_NAME = AppIcon;
				ASSETCATALOG_COMPILER_GLOBAL_ACCENT_COLOR_NAME = AccentColor;
				CODE_SIGN_STYLE = Automatic;
				INFOPLIST_FILE = AusonDemo/Info.plist;
				LD_RUNPATH_SEARCH_PATHS = (
					"$(inherited)",
					"@executable_path/Frameworks",
				);
				PRODUCT_BUNDLE_IDENTIFIER = com.ReaderLight.reader.AusonDemo;
				PRODUCT_NAME = "$(TARGET_NAME)";
				SWIFT_VERSION = 5.0;
				TARGETED_DEVICE_FAMILY = "1,2";
			};
			name = Debug;
		};
		D7A39C80261FBA1D00DF6653 /* Release */ = {
			isa = XCBuildConfiguration;
			baseConfigurationReference = 8421AC419EA79A1C2D20653F /* Pods-AusonDemo.release.xcconfig */;
			buildSettings = {
				ASSETCATALOG_COMPILER_APPICON_NAME = AppIcon;
				ASSETCATALOG_COMPILER_GLOBAL_ACCENT_COLOR_NAME = AccentColor;
				CODE_SIGN_STYLE = Automatic;
				INFOPLIST_FILE = AusonDemo/Info.plist;
				LD_RUNPATH_SEARCH_PATHS = (
					"$(inherited)",
					"@executable_path/Frameworks",
				);
				PRODUCT_BUNDLE_IDENTIFIER = com.ReaderLight.reader.AusonDemo;
				PRODUCT_NAME = "$(TARGET_NAME)";
				SWIFT_VERSION = 5.0;
				TARGETED_DEVICE_FAMILY = "1,2";
			};
			name = Release;
		};
		D7A39C82261FBA1D00DF6653 /* Debug */ = {
			isa = XCBuildConfiguration;
			buildSettings = {
				ALWAYS_EMBED_SWIFT_STANDARD_LIBRARIES = YES;
				BUNDLE_LOADER = "$(TEST_HOST)";
				CODE_SIGN_STYLE = Automatic;
				INFOPLIST_FILE = AusonDemoTests/Info.plist;
				IPHONEOS_DEPLOYMENT_TARGET = 14.4;
				LD_RUNPATH_SEARCH_PATHS = (
					"$(inherited)",
					"@executable_path/Frameworks",
					"@loader_path/Frameworks",
				);
				PRODUCT_BUNDLE_IDENTIFIER = com.ReaderLight.reader.AusonDemoTests;
				PRODUCT_NAME = "$(TARGET_NAME)";
				SWIFT_VERSION = 5.0;
				TARGETED_DEVICE_FAMILY = "1,2";
				TEST_HOST = "$(BUILT_PRODUCTS_DIR)/AusonDemo.app/AusonDemo";
			};
			name = Debug;
		};
		D7A39C83261FBA1D00DF6653 /* Release */ = {
			isa = XCBuildConfiguration;
			buildSettings = {
				ALWAYS_EMBED_SWIFT_STANDARD_LIBRARIES = YES;
				BUNDLE_LOADER = "$(TEST_HOST)";
				CODE_SIGN_STYLE = Automatic;
				INFOPLIST_FILE = AusonDemoTests/Info.plist;
				IPHONEOS_DEPLOYMENT_TARGET = 14.4;
				LD_RUNPATH_SEARCH_PATHS = (
					"$(inherited)",
					"@executable_path/Frameworks",
					"@loader_path/Frameworks",
				);
				PRODUCT_BUNDLE_IDENTIFIER = com.ReaderLight.reader.AusonDemoTests;
				PRODUCT_NAME = "$(TARGET_NAME)";
				SWIFT_VERSION = 5.0;
				TARGETED_DEVICE_FAMILY = "1,2";
				TEST_HOST = "$(BUILT_PRODUCTS_DIR)/AusonDemo.app/AusonDemo";
			};
			name = Release;
		};
		D7A39C85261FBA1D00DF6653 /* Debug */ = {
			isa = XCBuildConfiguration;
			buildSettings = {
				ALWAYS_EMBED_SWIFT_STANDARD_LIBRARIES = YES;
				CODE_SIGN_STYLE = Automatic;
				INFOPLIST_FILE = AusonDemoUITests/Info.plist;
				LD_RUNPATH_SEARCH_PATHS = (
					"$(inherited)",
					"@executable_path/Frameworks",
					"@loader_path/Frameworks",
				);
				PRODUCT_BUNDLE_IDENTIFIER = com.ReaderLight.reader.AusonDemoUITests;
				PRODUCT_NAME = "$(TARGET_NAME)";
				SWIFT_VERSION = 5.0;
				TARGETED_DEVICE_FAMILY = "1,2";
				TEST_TARGET_NAME = AusonDemo;
			};
			name = Debug;
		};
		D7A39C86261FBA1D00DF6653 /* Release */ = {
			isa = XCBuildConfiguration;
			buildSettings = {
				ALWAYS_EMBED_SWIFT_STANDARD_LIBRARIES = YES;
				CODE_SIGN_STYLE = Automatic;
				INFOPLIST_FILE = AusonDemoUITests/Info.plist;
				LD_RUNPATH_SEARCH_PATHS = (
					"$(inherited)",
					"@executable_path/Frameworks",
					"@loader_path/Frameworks",
				);
				PRODUCT_BUNDLE_IDENTIFIER = com.ReaderLight.reader.AusonDemoUITests;
				PRODUCT_NAME = "$(TARGET_NAME)";
				SWIFT_VERSION = 5.0;
				TARGETED_DEVICE_FAMILY = "1,2";
				TEST_TARGET_NAME = AusonDemo;
			};
			name = Release;
		};
/* End XCBuildConfiguration section */

/* Begin XCConfigurationList section */
		D7A39C4F261FBA1B00DF6653 /* Build configuration list for PBXProject "AusonDemo" */ = {
			isa = XCConfigurationList;
			buildConfigurations = (
				D7A39C7C261FBA1D00DF6653 /* Debug */,
				D7A39C7D261FBA1D00DF6653 /* Release */,
			);
			defaultConfigurationIsVisible = 0;
			defaultConfigurationName = Release;
		};
		D7A39C7E261FBA1D00DF6653 /* Build configuration list for PBXNativeTarget "AusonDemo" */ = {
			isa = XCConfigurationList;
			buildConfigurations = (
				D7A39C7F261FBA1D00DF6653 /* Debug */,
				D7A39C80261FBA1D00DF6653 /* Release */,
			);
			defaultConfigurationIsVisible = 0;
			defaultConfigurationName = Release;
		};
		D7A39C81261FBA1D00DF6653 /* Build configuration list for PBXNativeTarget "AusonDemoTests" */ = {
			isa = XCConfigurationList;
			buildConfigurations = (
				D7A39C82261FBA1D00DF6653 /* Debug */,
				D7A39C83261FBA1D00DF6653 /* Release */,
			);
			defaultConfigurationIsVisible = 0;
			defaultConfigurationName = Release;
		};
		D7A39C84261FBA1D00DF6653 /* Build configuration list for PBXNativeTarget "AusonDemoUITests" */ = {
			isa = XCConfigurationList;
			buildConfigurations = (
				D7A39C85261FBA1D00DF6653 /* Debug */,
				D7A39C86261FBA1D00DF6653 /* Release */,
			);
			defaultConfigurationIsVisible = 0;
			defaultConfigurationName = Release;
		};
/* End XCConfigurationList section */
	};
	rootObject = D7A39C4C261FBA1B00DF6653 /* Project object */;
}
